// !$*UTF8*$!
{
	archiveVersion = 1;
	classes = {
	};
	objectVersion = 56;
	objects = {

/* Begin PBXBuildFile section */
		25E684C62A435111001E6571 /* Helper.swift in Sources */ = {isa = PBXBuildFile; fileRef = 25E684C52A435111001E6571 /* Helper.swift */; };
		25E684C82A4352F7001E6571 /* HomeViewModel.swift in Sources */ = {isa = PBXBuildFile; fileRef = 25E684C72A4352F7001E6571 /* HomeViewModel.swift */; };
		25E684D02A45CFB2001E6571 /* ContactsView.swift in Sources */ = {isa = PBXBuildFile; fileRef = 25E684CF2A45CFB2001E6571 /* ContactsView.swift */; };
		25FF34DA2A42BAC100398411 /* BeSafeTogetherApp.swift in Sources */ = {isa = PBXBuildFile; fileRef = 25FF34D92A42BAC100398411 /* BeSafeTogetherApp.swift */; };
		25FF34DC2A42BAC100398411 /* TabBar.swift in Sources */ = {isa = PBXBuildFile; fileRef = 25FF34DB2A42BAC100398411 /* TabBar.swift */; };
		25FF34DE2A42BAC200398411 /* Assets.xcassets in Resources */ = {isa = PBXBuildFile; fileRef = 25FF34DD2A42BAC200398411 /* Assets.xcassets */; };
		25FF34E12A42BAC200398411 /* Preview Assets.xcassets in Resources */ = {isa = PBXBuildFile; fileRef = 25FF34E02A42BAC200398411 /* Preview Assets.xcassets */; };
		25FF34EC2A43217B00398411 /* MapView.swift in Sources */ = {isa = PBXBuildFile; fileRef = 25FF34EB2A43217B00398411 /* MapView.swift */; };
		25FF34EE2A43226100398411 /* HomeView.swift in Sources */ = {isa = PBXBuildFile; fileRef = 25FF34ED2A43226100398411 /* HomeView.swift */; };
		25FF34F02A43227400398411 /* ProfileView.swift in Sources */ = {isa = PBXBuildFile; fileRef = 25FF34EF2A43227400398411 /* ProfileView.swift */; };
/* End PBXBuildFile section */

/* Begin PBXFileReference section */
		25E684C52A435111001E6571 /* Helper.swift */ = {isa = PBXFileReference; lastKnownFileType = sourcecode.swift; path = Helper.swift; sourceTree = "<group>"; };
		25E684C72A4352F7001E6571 /* HomeViewModel.swift */ = {isa = PBXFileReference; lastKnownFileType = sourcecode.swift; path = HomeViewModel.swift; sourceTree = "<group>"; };
		25E684CF2A45CFB2001E6571 /* ContactsView.swift */ = {isa = PBXFileReference; lastKnownFileType = sourcecode.swift; path = ContactsView.swift; sourceTree = "<group>"; };
		25E684D12A4A0006001E6571 /* Info.plist */ = {isa = PBXFileReference; lastKnownFileType = text.plist; path = Info.plist; sourceTree = "<group>"; };
		25FF34D62A42BAC100398411 /* BeSafeTogether.app */ = {isa = PBXFileReference; explicitFileType = wrapper.application; includeInIndex = 0; path = BeSafeTogether.app; sourceTree = BUILT_PRODUCTS_DIR; };
		25FF34D92A42BAC100398411 /* BeSafeTogetherApp.swift */ = {isa = PBXFileReference; lastKnownFileType = sourcecode.swift; path = BeSafeTogetherApp.swift; sourceTree = "<group>"; };
		25FF34DB2A42BAC100398411 /* TabBar.swift */ = {isa = PBXFileReference; lastKnownFileType = sourcecode.swift; path = TabBar.swift; sourceTree = "<group>"; };
		25FF34DD2A42BAC200398411 /* Assets.xcassets */ = {isa = PBXFileReference; lastKnownFileType = folder.assetcatalog; path = Assets.xcassets; sourceTree = "<group>"; };
		25FF34E02A42BAC200398411 /* Preview Assets.xcassets */ = {isa = PBXFileReference; lastKnownFileType = folder.assetcatalog; path = "Preview Assets.xcassets"; sourceTree = "<group>"; };
		25FF34EB2A43217B00398411 /* MapView.swift */ = {isa = PBXFileReference; lastKnownFileType = sourcecode.swift; path = MapView.swift; sourceTree = "<group>"; };
		25FF34ED2A43226100398411 /* HomeView.swift */ = {isa = PBXFileReference; lastKnownFileType = sourcecode.swift; path = HomeView.swift; sourceTree = "<group>"; };
		25FF34EF2A43227400398411 /* ProfileView.swift */ = {isa = PBXFileReference; lastKnownFileType = sourcecode.swift; path = ProfileView.swift; sourceTree = "<group>"; };
/* End PBXFileReference section */

/* Begin PBXFrameworksBuildPhase section */
		25FF34D32A42BAC100398411 /* Frameworks */ = {
			isa = PBXFrameworksBuildPhase;
			buildActionMask = 2147483647;
			files = (
			);
			runOnlyForDeploymentPostprocessing = 0;
		};
/* End PBXFrameworksBuildPhase section */

/* Begin PBXGroup section */
		25E684CB2A4365B5001E6571 /* Home */ = {
			isa = PBXGroup;
			children = (
				25FF34ED2A43226100398411 /* HomeView.swift */,
				25E684C72A4352F7001E6571 /* HomeViewModel.swift */,
			);
			path = Home;
			sourceTree = "<group>";
		};
		25E684CC2A4365F7001E6571 /* Map */ = {
			isa = PBXGroup;
			children = (
				25FF34EB2A43217B00398411 /* MapView.swift */,
			);
			path = Map;
			sourceTree = "<group>";
		};
		25E684CD2A436600001E6571 /* Profile */ = {
			isa = PBXGroup;
			children = (
				25E684CE2A45CFA5001E6571 /* Contacts */,
				25FF34EF2A43227400398411 /* ProfileView.swift */,
			);
			path = Profile;
			sourceTree = "<group>";
		};
		25E684CE2A45CFA5001E6571 /* Contacts */ = {
			isa = PBXGroup;
			children = (
				25E684CF2A45CFB2001E6571 /* ContactsView.swift */,
			);
			path = Contacts;
			sourceTree = "<group>";
		};
		25FF34CD2A42BAC100398411 = {
			isa = PBXGroup;
			children = (
				25FF34D82A42BAC100398411 /* BeSafeTogether */,
				25FF34D72A42BAC100398411 /* Products */,
			);
			sourceTree = "<group>";
		};
		25FF34D72A42BAC100398411 /* Products */ = {
			isa = PBXGroup;
			children = (
				25FF34D62A42BAC100398411 /* BeSafeTogether.app */,
			);
			name = Products;
			sourceTree = "<group>";
		};
		25FF34D82A42BAC100398411 /* BeSafeTogether */ = {
			isa = PBXGroup;
			children = (
				25E684D12A4A0006001E6571 /* Info.plist */,
				25FF34D92A42BAC100398411 /* BeSafeTogetherApp.swift */,
				25FF34DB2A42BAC100398411 /* TabBar.swift */,
				25E684C52A435111001E6571 /* Helper.swift */,
				25E684CD2A436600001E6571 /* Profile */,
				25E684CC2A4365F7001E6571 /* Map */,
				25E684CB2A4365B5001E6571 /* Home */,
				25FF34DD2A42BAC200398411 /* Assets.xcassets */,
				25FF34DF2A42BAC200398411 /* Preview Content */,
			);
			path = BeSafeTogether;
			sourceTree = "<group>";
		};
		25FF34DF2A42BAC200398411 /* Preview Content */ = {
			isa = PBXGroup;
			children = (
				25FF34E02A42BAC200398411 /* Preview Assets.xcassets */,
			);
			path = "Preview Content";
			sourceTree = "<group>";
		};
/* End PBXGroup section */

/* Begin PBXNativeTarget section */
		25FF34D52A42BAC100398411 /* BeSafeTogether */ = {
			isa = PBXNativeTarget;
			buildConfigurationList = 25FF34E42A42BAC200398411 /* Build configuration list for PBXNativeTarget "BeSafeTogether" */;
			buildPhases = (
				25FF34D22A42BAC100398411 /* Sources */,
				25FF34D32A42BAC100398411 /* Frameworks */,
				25FF34D42A42BAC100398411 /* Resources */,
			);
			buildRules = (
			);
			dependencies = (
			);
			name = BeSafeTogether;
			productName = BeSafeTogether;
			productReference = 25FF34D62A42BAC100398411 /* BeSafeTogether.app */;
			productType = "com.apple.product-type.application";
		};
/* End PBXNativeTarget section */

/* Begin PBXProject section */
		25FF34CE2A42BAC100398411 /* Project object */ = {
			isa = PBXProject;
			attributes = {
				BuildIndependentTargetsInParallel = 1;
				LastSwiftUpdateCheck = 1430;
				LastUpgradeCheck = 1430;
				TargetAttributes = {
					25FF34D52A42BAC100398411 = {
						CreatedOnToolsVersion = 14.3.1;
					};
				};
			};
			buildConfigurationList = 25FF34D12A42BAC100398411 /* Build configuration list for PBXProject "BeSafeTogether" */;
			compatibilityVersion = "Xcode 14.0";
			developmentRegion = en;
			hasScannedForEncodings = 0;
			knownRegions = (
				en,
				Base,
			);
			mainGroup = 25FF34CD2A42BAC100398411;
			productRefGroup = 25FF34D72A42BAC100398411 /* Products */;
			projectDirPath = "";
			projectRoot = "";
			targets = (
				25FF34D52A42BAC100398411 /* BeSafeTogether */,
			);
		};
/* End PBXProject section */

/* Begin PBXResourcesBuildPhase section */
		25FF34D42A42BAC100398411 /* Resources */ = {
			isa = PBXResourcesBuildPhase;
			buildActionMask = 2147483647;
			files = (
				25FF34E12A42BAC200398411 /* Preview Assets.xcassets in Resources */,
				25FF34DE2A42BAC200398411 /* Assets.xcassets in Resources */,
			);
			runOnlyForDeploymentPostprocessing = 0;
		};
/* End PBXResourcesBuildPhase section */

/* Begin PBXSourcesBuildPhase section */
		25FF34D22A42BAC100398411 /* Sources */ = {
			isa = PBXSourcesBuildPhase;
			buildActionMask = 2147483647;
			files = (
				25FF34DC2A42BAC100398411 /* TabBar.swift in Sources */,
				25FF34EE2A43226100398411 /* HomeView.swift in Sources */,
				25E684D02A45CFB2001E6571 /* ContactsView.swift in Sources */,
				25E684C82A4352F7001E6571 /* HomeViewModel.swift in Sources */,
				25FF34F02A43227400398411 /* ProfileView.swift in Sources */,
				25FF34EC2A43217B00398411 /* MapView.swift in Sources */,
				25FF34DA2A42BAC100398411 /* BeSafeTogetherApp.swift in Sources */,
				25E684C62A435111001E6571 /* Helper.swift in Sources */,
			);
			runOnlyForDeploymentPostprocessing = 0;
		};
/* End PBXSourcesBuildPhase section */

/* Begin XCBuildConfiguration section */
		25FF34E22A42BAC200398411 /* Debug */ = {
			isa = XCBuildConfiguration;
			buildSettings = {
				ALWAYS_SEARCH_USER_PATHS = NO;
				CLANG_ANALYZER_NONNULL = YES;
				CLANG_ANALYZER_NUMBER_OBJECT_CONVERSION = YES_AGGRESSIVE;
				CLANG_CXX_LANGUAGE_STANDARD = "gnu++20";
				CLANG_ENABLE_MODULES = YES;
				CLANG_ENABLE_OBJC_ARC = YES;
				CLANG_ENABLE_OBJC_WEAK = YES;
				CLANG_WARN_BLOCK_CAPTURE_AUTORELEASING = YES;
				CLANG_WARN_BOOL_CONVERSION = YES;
				CLANG_WARN_COMMA = YES;
				CLANG_WARN_CONSTANT_CONVERSION = YES;
				CLANG_WARN_DEPRECATED_OBJC_IMPLEMENTATIONS = YES;
				CLANG_WARN_DIRECT_OBJC_ISA_USAGE = YES_ERROR;
				CLANG_WARN_DOCUMENTATION_COMMENTS = YES;
				CLANG_WARN_EMPTY_BODY = YES;
				CLANG_WARN_ENUM_CONVERSION = YES;
				CLANG_WARN_INFINITE_RECURSION = YES;
				CLANG_WARN_INT_CONVERSION = YES;
				CLANG_WARN_NON_LITERAL_NULL_CONVERSION = YES;
				CLANG_WARN_OBJC_IMPLICIT_RETAIN_SELF = YES;
				CLANG_WARN_OBJC_LITERAL_CONVERSION = YES;
				CLANG_WARN_OBJC_ROOT_CLASS = YES_ERROR;
				CLANG_WARN_QUOTED_INCLUDE_IN_FRAMEWORK_HEADER = YES;
				CLANG_WARN_RANGE_LOOP_ANALYSIS = YES;
				CLANG_WARN_STRICT_PROTOTYPES = YES;
				CLANG_WARN_SUSPICIOUS_MOVE = YES;
				CLANG_WARN_UNGUARDED_AVAILABILITY = YES_AGGRESSIVE;
				CLANG_WARN_UNREACHABLE_CODE = YES;
				CLANG_WARN__DUPLICATE_METHOD_MATCH = YES;
				COPY_PHASE_STRIP = NO;
				DEBUG_INFORMATION_FORMAT = dwarf;
				ENABLE_STRICT_OBJC_MSGSEND = YES;
				ENABLE_TESTABILITY = YES;
				GCC_C_LANGUAGE_STANDARD = gnu11;
				GCC_DYNAMIC_NO_PIC = NO;
				GCC_NO_COMMON_BLOCKS = YES;
				GCC_OPTIMIZATION_LEVEL = 0;
				GCC_PREPROCESSOR_DEFINITIONS = (
					"DEBUG=1",
					"$(inherited)",
				);
				GCC_WARN_64_TO_32_BIT_CONVERSION = YES;
				GCC_WARN_ABOUT_RETURN_TYPE = YES_ERROR;
				GCC_WARN_UNDECLARED_SELECTOR = YES;
				GCC_WARN_UNINITIALIZED_AUTOS = YES_AGGRESSIVE;
				GCC_WARN_UNUSED_FUNCTION = YES;
				GCC_WARN_UNUSED_VARIABLE = YES;
				IPHONEOS_DEPLOYMENT_TARGET = 16.4;
				MTL_ENABLE_DEBUG_INFO = INCLUDE_SOURCE;
				MTL_FAST_MATH = YES;
				ONLY_ACTIVE_ARCH = YES;
				SDKROOT = iphoneos;
				SWIFT_ACTIVE_COMPILATION_CONDITIONS = DEBUG;
				SWIFT_OPTIMIZATION_LEVEL = "-Onone";
			};
			name = Debug;
		};
		25FF34E32A42BAC200398411 /* Release */ = {
			isa = XCBuildConfiguration;
			buildSettings = {
				ALWAYS_SEARCH_USER_PATHS = NO;
				CLANG_ANALYZER_NONNULL = YES;
				CLANG_ANALYZER_NUMBER_OBJECT_CONVERSION = YES_AGGRESSIVE;
				CLANG_CXX_LANGUAGE_STANDARD = "gnu++20";
				CLANG_ENABLE_MODULES = YES;
				CLANG_ENABLE_OBJC_ARC = YES;
				CLANG_ENABLE_OBJC_WEAK = YES;
				CLANG_WARN_BLOCK_CAPTURE_AUTORELEASING = YES;
				CLANG_WARN_BOOL_CONVERSION = YES;
				CLANG_WARN_COMMA = YES;
				CLANG_WARN_CONSTANT_CONVERSION = YES;
				CLANG_WARN_DEPRECATED_OBJC_IMPLEMENTATIONS = YES;
				CLANG_WARN_DIRECT_OBJC_ISA_USAGE = YES_ERROR;
				CLANG_WARN_DOCUMENTATION_COMMENTS = YES;
				CLANG_WARN_EMPTY_BODY = YES;
				CLANG_WARN_ENUM_CONVERSION = YES;
				CLANG_WARN_INFINITE_RECURSION = YES;
				CLANG_WARN_INT_CONVERSION = YES;
				CLANG_WARN_NON_LITERAL_NULL_CONVERSION = YES;
				CLANG_WARN_OBJC_IMPLICIT_RETAIN_SELF = YES;
				CLANG_WARN_OBJC_LITERAL_CONVERSION = YES;
				CLANG_WARN_OBJC_ROOT_CLASS = YES_ERROR;
				CLANG_WARN_QUOTED_INCLUDE_IN_FRAMEWORK_HEADER = YES;
				CLANG_WARN_RANGE_LOOP_ANALYSIS = YES;
				CLANG_WARN_STRICT_PROTOTYPES = YES;
				CLANG_WARN_SUSPICIOUS_MOVE = YES;
				CLANG_WARN_UNGUARDED_AVAILABILITY = YES_AGGRESSIVE;
				CLANG_WARN_UNREACHABLE_CODE = YES;
				CLANG_WARN__DUPLICATE_METHOD_MATCH = YES;
				COPY_PHASE_STRIP = NO;
				DEBUG_INFORMATION_FORMAT = "dwarf-with-dsym";
				ENABLE_NS_ASSERTIONS = NO;
				ENABLE_STRICT_OBJC_MSGSEND = YES;
				GCC_C_LANGUAGE_STANDARD = gnu11;
				GCC_NO_COMMON_BLOCKS = YES;
				GCC_WARN_64_TO_32_BIT_CONVERSION = YES;
				GCC_WARN_ABOUT_RETURN_TYPE = YES_ERROR;
				GCC_WARN_UNDECLARED_SELECTOR = YES;
				GCC_WARN_UNINITIALIZED_AUTOS = YES_AGGRESSIVE;
				GCC_WARN_UNUSED_FUNCTION = YES;
				GCC_WARN_UNUSED_VARIABLE = YES;
				IPHONEOS_DEPLOYMENT_TARGET = 16.4;
				MTL_ENABLE_DEBUG_INFO = NO;
				MTL_FAST_MATH = YES;
				SDKROOT = iphoneos;
				SWIFT_COMPILATION_MODE = wholemodule;
				SWIFT_OPTIMIZATION_LEVEL = "-O";
				VALIDATE_PRODUCT = YES;
			};
			name = Release;
		};
		25FF34E52A42BAC200398411 /* Debug */ = {
			isa = XCBuildConfiguration;
			buildSettings = {
				ASSETCATALOG_COMPILER_APPICON_NAME = AppIcon;
				ASSETCATALOG_COMPILER_GLOBAL_ACCENT_COLOR_NAME = AccentColor;
				CODE_SIGN_STYLE = Automatic;
				CURRENT_PROJECT_VERSION = 1;
				DEVELOPMENT_ASSET_PATHS = "\"BeSafeTogether/Preview Content\"";
				ENABLE_PREVIEWS = YES;
				GENERATE_INFOPLIST_FILE = YES;
				INFOPLIST_FILE = BeSafeTogether/Info.plist;
				INFOPLIST_KEY_NSLocationWhenInUseUsageDescription = "This app needs your location to work";
				INFOPLIST_KEY_UIApplicationSceneManifest_Generation = YES;
				INFOPLIST_KEY_UIApplicationSupportsIndirectInputEvents = YES;
				INFOPLIST_KEY_UILaunchScreen_Generation = YES;
				INFOPLIST_KEY_UISupportedInterfaceOrientations_iPad = "UIInterfaceOrientationPortrait UIInterfaceOrientationPortraitUpsideDown UIInterfaceOrientationLandscapeLeft UIInterfaceOrientationLandscapeRight";
				INFOPLIST_KEY_UISupportedInterfaceOrientations_iPhone = "UIInterfaceOrientationPortrait UIInterfaceOrientationLandscapeLeft UIInterfaceOrientationLandscapeRight";
				IPHONEOS_DEPLOYMENT_TARGET = 16.1;
				LD_RUNPATH_SEARCH_PATHS = (
					"$(inherited)",
					"@executable_path/Frameworks",
				);
				MARKETING_VERSION = 1.0;
				PRODUCT_BUNDLE_IDENTIFIER = com.nFactorial.BeSafeTogether;
				PRODUCT_NAME = "$(TARGET_NAME)";
				SWIFT_EMIT_LOC_STRINGS = YES;
				SWIFT_VERSION = 5.0;
				TARGETED_DEVICE_FAMILY = "1,2";
			};
			name = Debug;
		};
		25FF34E62A42BAC200398411 /* Release */ = {
			isa = XCBuildConfiguration;
			buildSettings = {
				ASSETCATALOG_COMPILER_APPICON_NAME = AppIcon;
				ASSETCATALOG_COMPILER_GLOBAL_ACCENT_COLOR_NAME = AccentColor;
				CODE_SIGN_STYLE = Automatic;
				CURRENT_PROJECT_VERSION = 1;
				DEVELOPMENT_ASSET_PATHS = "\"BeSafeTogether/Preview Content\"";
				ENABLE_PREVIEWS = YES;
				GENERATE_INFOPLIST_FILE = YES;
				INFOPLIST_FILE = BeSafeTogether/Info.plist;
				INFOPLIST_KEY_NSLocationWhenInUseUsageDescription = "This app needs your location to work";
				INFOPLIST_KEY_UIApplicationSceneManifest_Generation = YES;
				INFOPLIST_KEY_UIApplicationSupportsIndirectInputEvents = YES;
				INFOPLIST_KEY_UILaunchScreen_Generation = YES;
				INFOPLIST_KEY_UISupportedInterfaceOrientations_iPad = "UIInterfaceOrientationPortrait UIInterfaceOrientationPortraitUpsideDown UIInterfaceOrientationLandscapeLeft UIInterfaceOrientationLandscapeRight";
				INFOPLIST_KEY_UISupportedInterfaceOrientations_iPhone = "UIInterfaceOrientationPortrait UIInterfaceOrientationLandscapeLeft UIInterfaceOrientationLandscapeRight";
				IPHONEOS_DEPLOYMENT_TARGET = 16.1;
				LD_RUNPATH_SEARCH_PATHS = (
					"$(inherited)",
					"@executable_path/Frameworks",
				);
				MARKETING_VERSION = 1.0;
				PRODUCT_BUNDLE_IDENTIFIER = com.nFactorial.BeSafeTogether;
				PRODUCT_NAME = "$(TARGET_NAME)";
				SWIFT_EMIT_LOC_STRINGS = YES;
				SWIFT_VERSION = 5.0;
				TARGETED_DEVICE_FAMILY = "1,2";
			};
			name = Release;
		};
/* End XCBuildConfiguration section */

/* Begin XCConfigurationList section */
		25FF34D12A42BAC100398411 /* Build configuration list for PBXProject "BeSafeTogether" */ = {
			isa = XCConfigurationList;
			buildConfigurations = (
				25FF34E22A42BAC200398411 /* Debug */,
				25FF34E32A42BAC200398411 /* Release */,
			);
			defaultConfigurationIsVisible = 0;
			defaultConfigurationName = Release;
		};
		25FF34E42A42BAC200398411 /* Build configuration list for PBXNativeTarget "BeSafeTogether" */ = {
			isa = XCConfigurationList;
			buildConfigurations = (
				25FF34E52A42BAC200398411 /* Debug */,
				25FF34E62A42BAC200398411 /* Release */,
			);
			defaultConfigurationIsVisible = 0;
			defaultConfigurationName = Release;
		};
/* End XCConfigurationList section */
	};
	rootObject = 25FF34CE2A42BAC100398411 /* Project object */;
}
